// !$*UTF8*$!
{
	archiveVersion = 1;
	classes = {
	};
	objectVersion = 56;
	objects = {

/* Begin PBXBuildFile section */
		2706121C2AF4961100F5CB77 /* nimbleTestApp.swift in Sources */ = {isa = PBXBuildFile; fileRef = 2706121B2AF4961100F5CB77 /* nimbleTestApp.swift */; };
		270612202AF4961200F5CB77 /* Assets.xcassets in Resources */ = {isa = PBXBuildFile; fileRef = 2706121F2AF4961200F5CB77 /* Assets.xcassets */; };
		270612242AF4961200F5CB77 /* Preview Assets.xcassets in Resources */ = {isa = PBXBuildFile; fileRef = 270612232AF4961200F5CB77 /* Preview Assets.xcassets */; };
		2706122E2AF4961200F5CB77 /* nimbleTestTests.swift in Sources */ = {isa = PBXBuildFile; fileRef = 2706122D2AF4961200F5CB77 /* nimbleTestTests.swift */; };
		270612382AF4961200F5CB77 /* nimbleTestUITests.swift in Sources */ = {isa = PBXBuildFile; fileRef = 270612372AF4961200F5CB77 /* nimbleTestUITests.swift */; };
		2706123A2AF4961200F5CB77 /* nimbleTestUITestsLaunchTests.swift in Sources */ = {isa = PBXBuildFile; fileRef = 270612392AF4961200F5CB77 /* nimbleTestUITestsLaunchTests.swift */; };
		2706124F2AF49C0000F5CB77 /* Environment.swift in Sources */ = {isa = PBXBuildFile; fileRef = 2706124E2AF49C0000F5CB77 /* Environment.swift */; };
		270612532AF49EBD00F5CB77 /* RootView.swift in Sources */ = {isa = PBXBuildFile; fileRef = 270612522AF49EBD00F5CB77 /* RootView.swift */; };
		274916872AF4A06C00DCF031 /* NetworkClient.swift in Sources */ = {isa = PBXBuildFile; fileRef = 274916862AF4A06C00DCF031 /* NetworkClient.swift */; };
		2749168A2AF4A0C000DCF031 /* ApiError.swift in Sources */ = {isa = PBXBuildFile; fileRef = 274916892AF4A0C000DCF031 /* ApiError.swift */; };
		2749168C2AF4A0E000DCF031 /* RequestMethod.swift in Sources */ = {isa = PBXBuildFile; fileRef = 2749168B2AF4A0E000DCF031 /* RequestMethod.swift */; };
		274916902AF4A28F00DCF031 /* AuthRepository.swift in Sources */ = {isa = PBXBuildFile; fileRef = 2749168F2AF4A28F00DCF031 /* AuthRepository.swift */; };
		274916932AF4A51200DCF031 /* TextFieldView.swift in Sources */ = {isa = PBXBuildFile; fileRef = 274916922AF4A51200DCF031 /* TextFieldView.swift */; };
		27D33D752AF4A97700484D23 /* RoundModifier.swift in Sources */ = {isa = PBXBuildFile; fileRef = 27D33D742AF4A97700484D23 /* RoundModifier.swift */; };
		27D33D782AF4AA7E00484D23 /* String.swift in Sources */ = {isa = PBXBuildFile; fileRef = 27D33D772AF4AA7E00484D23 /* String.swift */; };
		27D33D7A2AF4AF2A00484D23 /* LaunchScreen.storyboard in Resources */ = {isa = PBXBuildFile; fileRef = 27D33D792AF4AF2A00484D23 /* LaunchScreen.storyboard */; };
		27D33D7D2AF4B04D00484D23 /* BackgroundView.swift in Sources */ = {isa = PBXBuildFile; fileRef = 27D33D7C2AF4B04D00484D23 /* BackgroundView.swift */; };
		27D33D812AF4B07C00484D23 /* LogInView.swift in Sources */ = {isa = PBXBuildFile; fileRef = 27D33D802AF4B07C00484D23 /* LogInView.swift */; };
		27D33D842AF4B2AB00484D23 /* Localizable.xcstrings in Resources */ = {isa = PBXBuildFile; fileRef = 27D33D832AF4B2AB00484D23 /* Localizable.xcstrings */; };
		27D33D862AF4B36000484D23 /* PasswordTextFieldView.swift in Sources */ = {isa = PBXBuildFile; fileRef = 27D33D852AF4B36000484D23 /* PasswordTextFieldView.swift */; };
		27D33D882AF4B57400484D23 /* ButtonView.swift in Sources */ = {isa = PBXBuildFile; fileRef = 27D33D872AF4B57400484D23 /* ButtonView.swift */; };
		27D33D8A2AF4B82F00484D23 /* AuthImplementation.swift in Sources */ = {isa = PBXBuildFile; fileRef = 27D33D892AF4B82F00484D23 /* AuthImplementation.swift */; };
		27D33D8D2AF4B89300484D23 /* RepositoryConfiguration.swift in Sources */ = {isa = PBXBuildFile; fileRef = 27D33D8C2AF4B89300484D23 /* RepositoryConfiguration.swift */; };
		27D33D912AF4BA9100484D23 /* PasswordLoginDto.swift in Sources */ = {isa = PBXBuildFile; fileRef = 27D33D902AF4BA9100484D23 /* PasswordLoginDto.swift */; };
		27D33D932AF4BB9D00484D23 /* PasswordLoginResponseDto.swift in Sources */ = {isa = PBXBuildFile; fileRef = 27D33D922AF4BB9D00484D23 /* PasswordLoginResponseDto.swift */; };
		27D33D962AF4BCF900484D23 /* LoginViewModel.swift in Sources */ = {isa = PBXBuildFile; fileRef = 27D33D952AF4BCF900484D23 /* LoginViewModel.swift */; };
		27D33D982AF4C0F800484D23 /* KeyChainService.swift in Sources */ = {isa = PBXBuildFile; fileRef = 27D33D972AF4C0F800484D23 /* KeyChainService.swift */; };
		27D33D9A2AF4C11100484D23 /* TokenHandlingService.swift in Sources */ = {isa = PBXBuildFile; fileRef = 27D33D992AF4C11100484D23 /* TokenHandlingService.swift */; };
		27D33D9D2AF4C14500484D23 /* TokenModel.swift in Sources */ = {isa = PBXBuildFile; fileRef = 27D33D9C2AF4C14500484D23 /* TokenModel.swift */; };
		27D33D9F2AF4C1BC00484D23 /* TokenError.swift in Sources */ = {isa = PBXBuildFile; fileRef = 27D33D9E2AF4C1BC00484D23 /* TokenError.swift */; };
		27D33DA12AF4C26700484D23 /* RouterViewModel.swift in Sources */ = {isa = PBXBuildFile; fileRef = 27D33DA02AF4C26700484D23 /* RouterViewModel.swift */; };
		27D33DA42AF4C2B200484D23 /* RouterViewMode.swift in Sources */ = {isa = PBXBuildFile; fileRef = 27D33DA32AF4C2B200484D23 /* RouterViewMode.swift */; };
/* End PBXBuildFile section */

/* Begin PBXContainerItemProxy section */
		2706122A2AF4961200F5CB77 /* PBXContainerItemProxy */ = {
			isa = PBXContainerItemProxy;
			containerPortal = 270612102AF4961100F5CB77 /* Project object */;
			proxyType = 1;
			remoteGlobalIDString = 270612172AF4961100F5CB77;
			remoteInfo = nimbleTest;
		};
		270612342AF4961200F5CB77 /* PBXContainerItemProxy */ = {
			isa = PBXContainerItemProxy;
			containerPortal = 270612102AF4961100F5CB77 /* Project object */;
			proxyType = 1;
			remoteGlobalIDString = 270612172AF4961100F5CB77;
			remoteInfo = nimbleTest;
		};
/* End PBXContainerItemProxy section */

/* Begin PBXFileReference section */
		270612182AF4961100F5CB77 /* nimbleTest.app */ = {isa = PBXFileReference; explicitFileType = wrapper.application; includeInIndex = 0; path = nimbleTest.app; sourceTree = BUILT_PRODUCTS_DIR; };
		2706121B2AF4961100F5CB77 /* nimbleTestApp.swift */ = {isa = PBXFileReference; lastKnownFileType = sourcecode.swift; path = nimbleTestApp.swift; sourceTree = "<group>"; };
		2706121F2AF4961200F5CB77 /* Assets.xcassets */ = {isa = PBXFileReference; lastKnownFileType = folder.assetcatalog; path = Assets.xcassets; sourceTree = "<group>"; };
		270612212AF4961200F5CB77 /* nimbleTest.entitlements */ = {isa = PBXFileReference; lastKnownFileType = text.plist.entitlements; path = nimbleTest.entitlements; sourceTree = "<group>"; };
		270612232AF4961200F5CB77 /* Preview Assets.xcassets */ = {isa = PBXFileReference; lastKnownFileType = folder.assetcatalog; path = "Preview Assets.xcassets"; sourceTree = "<group>"; };
		270612292AF4961200F5CB77 /* nimbleTestTests.xctest */ = {isa = PBXFileReference; explicitFileType = wrapper.cfbundle; includeInIndex = 0; path = nimbleTestTests.xctest; sourceTree = BUILT_PRODUCTS_DIR; };
		2706122D2AF4961200F5CB77 /* nimbleTestTests.swift */ = {isa = PBXFileReference; lastKnownFileType = sourcecode.swift; path = nimbleTestTests.swift; sourceTree = "<group>"; };
		270612332AF4961200F5CB77 /* nimbleTestUITests.xctest */ = {isa = PBXFileReference; explicitFileType = wrapper.cfbundle; includeInIndex = 0; path = nimbleTestUITests.xctest; sourceTree = BUILT_PRODUCTS_DIR; };
		270612372AF4961200F5CB77 /* nimbleTestUITests.swift */ = {isa = PBXFileReference; lastKnownFileType = sourcecode.swift; path = nimbleTestUITests.swift; sourceTree = "<group>"; };
		270612392AF4961200F5CB77 /* nimbleTestUITestsLaunchTests.swift */ = {isa = PBXFileReference; lastKnownFileType = sourcecode.swift; path = nimbleTestUITestsLaunchTests.swift; sourceTree = "<group>"; };
		2706124D2AF49BF400F5CB77 /* Environemnt.xcconfig */ = {isa = PBXFileReference; lastKnownFileType = text.xcconfig; path = Environemnt.xcconfig; sourceTree = "<group>"; };
		2706124E2AF49C0000F5CB77 /* Environment.swift */ = {isa = PBXFileReference; lastKnownFileType = sourcecode.swift; path = Environment.swift; sourceTree = "<group>"; };
		270612502AF49E3200F5CB77 /* Info.plist */ = {isa = PBXFileReference; lastKnownFileType = text.plist.xml; path = Info.plist; sourceTree = "<group>"; };
		270612522AF49EBD00F5CB77 /* RootView.swift */ = {isa = PBXFileReference; lastKnownFileType = sourcecode.swift; path = RootView.swift; sourceTree = "<group>"; };
		274916862AF4A06C00DCF031 /* NetworkClient.swift */ = {isa = PBXFileReference; lastKnownFileType = sourcecode.swift; path = NetworkClient.swift; sourceTree = "<group>"; };
		274916892AF4A0C000DCF031 /* ApiError.swift */ = {isa = PBXFileReference; lastKnownFileType = sourcecode.swift; path = ApiError.swift; sourceTree = "<group>"; };
		2749168B2AF4A0E000DCF031 /* RequestMethod.swift */ = {isa = PBXFileReference; lastKnownFileType = sourcecode.swift; path = RequestMethod.swift; sourceTree = "<group>"; };
		2749168F2AF4A28F00DCF031 /* AuthRepository.swift */ = {isa = PBXFileReference; lastKnownFileType = sourcecode.swift; path = AuthRepository.swift; sourceTree = "<group>"; };
		274916922AF4A51200DCF031 /* TextFieldView.swift */ = {isa = PBXFileReference; lastKnownFileType = sourcecode.swift; path = TextFieldView.swift; sourceTree = "<group>"; };
		27D33D742AF4A97700484D23 /* RoundModifier.swift */ = {isa = PBXFileReference; lastKnownFileType = sourcecode.swift; path = RoundModifier.swift; sourceTree = "<group>"; };
		27D33D772AF4AA7E00484D23 /* String.swift */ = {isa = PBXFileReference; lastKnownFileType = sourcecode.swift; path = String.swift; sourceTree = "<group>"; };
		27D33D792AF4AF2A00484D23 /* LaunchScreen.storyboard */ = {isa = PBXFileReference; lastKnownFileType = file.storyboard; path = LaunchScreen.storyboard; sourceTree = "<group>"; };
		27D33D7C2AF4B04D00484D23 /* BackgroundView.swift */ = {isa = PBXFileReference; lastKnownFileType = sourcecode.swift; path = BackgroundView.swift; sourceTree = "<group>"; };
		27D33D802AF4B07C00484D23 /* LogInView.swift */ = {isa = PBXFileReference; lastKnownFileType = sourcecode.swift; path = LogInView.swift; sourceTree = "<group>"; };
		27D33D832AF4B2AB00484D23 /* Localizable.xcstrings */ = {isa = PBXFileReference; lastKnownFileType = text.json.xcstrings; path = Localizable.xcstrings; sourceTree = "<group>"; };
		27D33D852AF4B36000484D23 /* PasswordTextFieldView.swift */ = {isa = PBXFileReference; lastKnownFileType = sourcecode.swift; path = PasswordTextFieldView.swift; sourceTree = "<group>"; };
		27D33D872AF4B57400484D23 /* ButtonView.swift */ = {isa = PBXFileReference; lastKnownFileType = sourcecode.swift; path = ButtonView.swift; sourceTree = "<group>"; };
		27D33D892AF4B82F00484D23 /* AuthImplementation.swift */ = {isa = PBXFileReference; lastKnownFileType = sourcecode.swift; path = AuthImplementation.swift; sourceTree = "<group>"; };
		27D33D8C2AF4B89300484D23 /* RepositoryConfiguration.swift */ = {isa = PBXFileReference; lastKnownFileType = sourcecode.swift; path = RepositoryConfiguration.swift; sourceTree = "<group>"; };
		27D33D902AF4BA9100484D23 /* PasswordLoginDto.swift */ = {isa = PBXFileReference; lastKnownFileType = sourcecode.swift; path = PasswordLoginDto.swift; sourceTree = "<group>"; };
		27D33D922AF4BB9D00484D23 /* PasswordLoginResponseDto.swift */ = {isa = PBXFileReference; lastKnownFileType = sourcecode.swift; path = PasswordLoginResponseDto.swift; sourceTree = "<group>"; };
		27D33D952AF4BCF900484D23 /* LoginViewModel.swift */ = {isa = PBXFileReference; lastKnownFileType = sourcecode.swift; path = LoginViewModel.swift; sourceTree = "<group>"; };
		27D33D972AF4C0F800484D23 /* KeyChainService.swift */ = {isa = PBXFileReference; lastKnownFileType = sourcecode.swift; path = KeyChainService.swift; sourceTree = "<group>"; };
		27D33D992AF4C11100484D23 /* TokenHandlingService.swift */ = {isa = PBXFileReference; lastKnownFileType = sourcecode.swift; path = TokenHandlingService.swift; sourceTree = "<group>"; };
		27D33D9C2AF4C14500484D23 /* TokenModel.swift */ = {isa = PBXFileReference; lastKnownFileType = sourcecode.swift; path = TokenModel.swift; sourceTree = "<group>"; };
		27D33D9E2AF4C1BC00484D23 /* TokenError.swift */ = {isa = PBXFileReference; lastKnownFileType = sourcecode.swift; path = TokenError.swift; sourceTree = "<group>"; };
		27D33DA02AF4C26700484D23 /* RouterViewModel.swift */ = {isa = PBXFileReference; lastKnownFileType = sourcecode.swift; path = RouterViewModel.swift; sourceTree = "<group>"; };
		27D33DA32AF4C2B200484D23 /* RouterViewMode.swift */ = {isa = PBXFileReference; lastKnownFileType = sourcecode.swift; path = RouterViewMode.swift; sourceTree = "<group>"; };
/* End PBXFileReference section */

/* Begin PBXFrameworksBuildPhase section */
		270612152AF4961100F5CB77 /* Frameworks */ = {
			isa = PBXFrameworksBuildPhase;
			buildActionMask = 2147483647;
			files = (
			);
			runOnlyForDeploymentPostprocessing = 0;
		};
		270612262AF4961200F5CB77 /* Frameworks */ = {
			isa = PBXFrameworksBuildPhase;
			buildActionMask = 2147483647;
			files = (
			);
			runOnlyForDeploymentPostprocessing = 0;
		};
		270612302AF4961200F5CB77 /* Frameworks */ = {
			isa = PBXFrameworksBuildPhase;
			buildActionMask = 2147483647;
			files = (
			);
			runOnlyForDeploymentPostprocessing = 0;
		};
/* End PBXFrameworksBuildPhase section */

/* Begin PBXGroup section */
		2706120F2AF4961100F5CB77 = {
			isa = PBXGroup;
			children = (
				2706121A2AF4961100F5CB77 /* nimbleTest */,
				2706122C2AF4961200F5CB77 /* nimbleTestTests */,
				270612362AF4961200F5CB77 /* nimbleTestUITests */,
				270612192AF4961100F5CB77 /* Products */,
			);
			sourceTree = "<group>";
		};
		270612192AF4961100F5CB77 /* Products */ = {
			isa = PBXGroup;
			children = (
				270612182AF4961100F5CB77 /* nimbleTest.app */,
				270612292AF4961200F5CB77 /* nimbleTestTests.xctest */,
				270612332AF4961200F5CB77 /* nimbleTestUITests.xctest */,
			);
			name = Products;
			sourceTree = "<group>";
		};
		2706121A2AF4961100F5CB77 /* nimbleTest */ = {
			isa = PBXGroup;
			children = (
				27D33D822AF4B28C00484D23 /* Localization */,
				270612502AF49E3200F5CB77 /* Info.plist */,
				2706124A2AF49B4B00F5CB77 /* Shared */,
				270612492AF49AE300F5CB77 /* Data */,
				270612482AF49ADD00F5CB77 /* Domain */,
				270612472AF49AD500F5CB77 /* Presentation */,
				270612462AF49AC900F5CB77 /* Resources */,
				2706121B2AF4961100F5CB77 /* nimbleTestApp.swift */,
				270612212AF4961200F5CB77 /* nimbleTest.entitlements */,
				270612222AF4961200F5CB77 /* Preview Content */,
			);
			path = nimbleTest;
			sourceTree = "<group>";
		};
		270612222AF4961200F5CB77 /* Preview Content */ = {
			isa = PBXGroup;
			children = (
				270612232AF4961200F5CB77 /* Preview Assets.xcassets */,
			);
			path = "Preview Content";
			sourceTree = "<group>";
		};
		2706122C2AF4961200F5CB77 /* nimbleTestTests */ = {
			isa = PBXGroup;
			children = (
				2706122D2AF4961200F5CB77 /* nimbleTestTests.swift */,
			);
			path = nimbleTestTests;
			sourceTree = "<group>";
		};
		270612362AF4961200F5CB77 /* nimbleTestUITests */ = {
			isa = PBXGroup;
			children = (
				270612372AF4961200F5CB77 /* nimbleTestUITests.swift */,
				270612392AF4961200F5CB77 /* nimbleTestUITestsLaunchTests.swift */,
			);
			path = nimbleTestUITests;
			sourceTree = "<group>";
		};
		270612462AF49AC900F5CB77 /* Resources */ = {
			isa = PBXGroup;
			children = (
				2706121F2AF4961200F5CB77 /* Assets.xcassets */,
				27D33D792AF4AF2A00484D23 /* LaunchScreen.storyboard */,
			);
			path = Resources;
			sourceTree = "<group>";
		};
		270612472AF49AD500F5CB77 /* Presentation */ = {
			isa = PBXGroup;
			children = (
				27D33DA22AF4C2A600484D23 /* Enum */,
				27D33D7E2AF4B06500484D23 /* Features */,
				27D33D7B2AF4B03D00484D23 /* Shared */,
				27D33D762AF4AA7400484D23 /* Extensions */,
				27D33D732AF4A88300484D23 /* Modifiers */,
				274916912AF4A4FB00DCF031 /* Components */,
				270612522AF49EBD00F5CB77 /* RootView.swift */,
			);
			path = Presentation;
			sourceTree = "<group>";
		};
		270612482AF49ADD00F5CB77 /* Domain */ = {
			isa = PBXGroup;
			children = (
				2749168E2AF4A26100DCF031 /* Repository */,
			);
			path = Domain;
			sourceTree = "<group>";
		};
		270612492AF49AE300F5CB77 /* Data */ = {
			isa = PBXGroup;
			children = (
				27D33D8E2AF4BA7900484D23 /* Models */,
				27D33D8B2AF4B86D00484D23 /* Protocols */,
				2749168D2AF4A25B00DCF031 /* Repositories */,
				274916882AF4A0B600DCF031 /* Enum */,
				274916852AF49FB700DCF031 /* Shared */,
			);
			path = Data;
			sourceTree = "<group>";
		};
		2706124A2AF49B4B00F5CB77 /* Shared */ = {
			isa = PBXGroup;
			children = (
				2706124D2AF49BF400F5CB77 /* Environemnt.xcconfig */,
				2706124E2AF49C0000F5CB77 /* Environment.swift */,
			);
			path = Shared;
			sourceTree = "<group>";
		};
		274916852AF49FB700DCF031 /* Shared */ = {
			isa = PBXGroup;
			children = (
				274916862AF4A06C00DCF031 /* NetworkClient.swift */,
				27D33D972AF4C0F800484D23 /* KeyChainService.swift */,
				27D33D992AF4C11100484D23 /* TokenHandlingService.swift */,
			);
			path = Shared;
			sourceTree = "<group>";
		};
		274916882AF4A0B600DCF031 /* Enum */ = {
			isa = PBXGroup;
			children = (
				274916892AF4A0C000DCF031 /* ApiError.swift */,
				2749168B2AF4A0E000DCF031 /* RequestMethod.swift */,
				27D33D9E2AF4C1BC00484D23 /* TokenError.swift */,
			);
			path = Enum;
			sourceTree = "<group>";
		};
		2749168D2AF4A25B00DCF031 /* Repositories */ = {
			isa = PBXGroup;
			children = (
				27D33D892AF4B82F00484D23 /* AuthImplementation.swift */,
			);
			path = Repositories;
			sourceTree = "<group>";
		};
		2749168E2AF4A26100DCF031 /* Repository */ = {
			isa = PBXGroup;
			children = (
				2749168F2AF4A28F00DCF031 /* AuthRepository.swift */,
			);
			path = Repository;
			sourceTree = "<group>";
		};
		274916912AF4A4FB00DCF031 /* Components */ = {
			isa = PBXGroup;
			children = (
				274916922AF4A51200DCF031 /* TextFieldView.swift */,
				27D33D852AF4B36000484D23 /* PasswordTextFieldView.swift */,
				27D33D872AF4B57400484D23 /* ButtonView.swift */,
			);
			path = Components;
			sourceTree = "<group>";
		};
		27D33D732AF4A88300484D23 /* Modifiers */ = {
			isa = PBXGroup;
			children = (
				27D33D742AF4A97700484D23 /* RoundModifier.swift */,
			);
			path = Modifiers;
			sourceTree = "<group>";
		};
		27D33D762AF4AA7400484D23 /* Extensions */ = {
			isa = PBXGroup;
			children = (
				27D33D772AF4AA7E00484D23 /* String.swift */,
			);
			path = Extensions;
			sourceTree = "<group>";
		};
		27D33D7B2AF4B03D00484D23 /* Shared */ = {
			isa = PBXGroup;
			children = (
				27D33D7C2AF4B04D00484D23 /* BackgroundView.swift */,
				27D33DA02AF4C26700484D23 /* RouterViewModel.swift */,
			);
			path = Shared;
			sourceTree = "<group>";
		};
		27D33D7E2AF4B06500484D23 /* Features */ = {
			isa = PBXGroup;
			children = (
				27D33D7F2AF4B06A00484D23 /* Auth */,
			);
			path = Features;
			sourceTree = "<group>";
		};
		27D33D7F2AF4B06A00484D23 /* Auth */ = {
			isa = PBXGroup;
			children = (
				27D33D942AF4BCE800484D23 /* ViewModel */,
				27D33D802AF4B07C00484D23 /* LogInView.swift */,
			);
			path = Auth;
			sourceTree = "<group>";
		};
		27D33D822AF4B28C00484D23 /* Localization */ = {
			isa = PBXGroup;
			children = (
				27D33D832AF4B2AB00484D23 /* Localizable.xcstrings */,
			);
			path = Localization;
			sourceTree = "<group>";
		};
		27D33D8B2AF4B86D00484D23 /* Protocols */ = {
			isa = PBXGroup;
			children = (
				27D33D8C2AF4B89300484D23 /* RepositoryConfiguration.swift */,
			);
			path = Protocols;
			sourceTree = "<group>";
		};
		27D33D8E2AF4BA7900484D23 /* Models */ = {
			isa = PBXGroup;
			children = (
				27D33D9B2AF4C13A00484D23 /* Shared */,
				27D33D8F2AF4BA7F00484D23 /* V1 */,
			);
			path = Models;
			sourceTree = "<group>";
		};
		27D33D8F2AF4BA7F00484D23 /* V1 */ = {
			isa = PBXGroup;
			children = (
				27D33D902AF4BA9100484D23 /* PasswordLoginDto.swift */,
				27D33D922AF4BB9D00484D23 /* PasswordLoginResponseDto.swift */,
			);
			path = V1;
			sourceTree = "<group>";
		};
		27D33D942AF4BCE800484D23 /* ViewModel */ = {
			isa = PBXGroup;
			children = (
				27D33D952AF4BCF900484D23 /* LoginViewModel.swift */,
			);
			path = ViewModel;
			sourceTree = "<group>";
		};
		27D33D9B2AF4C13A00484D23 /* Shared */ = {
			isa = PBXGroup;
			children = (
				27D33D9C2AF4C14500484D23 /* TokenModel.swift */,
			);
			path = Shared;
			sourceTree = "<group>";
		};
		27D33DA22AF4C2A600484D23 /* Enum */ = {
			isa = PBXGroup;
			children = (
				27D33DA32AF4C2B200484D23 /* RouterViewMode.swift */,
			);
			path = Enum;
			sourceTree = "<group>";
		};
/* End PBXGroup section */

/* Begin PBXNativeTarget section */
		270612172AF4961100F5CB77 /* nimbleTest */ = {
			isa = PBXNativeTarget;
			buildConfigurationList = 2706123D2AF4961200F5CB77 /* Build configuration list for PBXNativeTarget "nimbleTest" */;
			buildPhases = (
				270612142AF4961100F5CB77 /* Sources */,
				270612152AF4961100F5CB77 /* Frameworks */,
				270612162AF4961100F5CB77 /* Resources */,
			);
			buildRules = (
			);
			dependencies = (
			);
			name = nimbleTest;
			productName = nimbleTest;
			productReference = 270612182AF4961100F5CB77 /* nimbleTest.app */;
			productType = "com.apple.product-type.application";
		};
		270612282AF4961200F5CB77 /* nimbleTestTests */ = {
			isa = PBXNativeTarget;
			buildConfigurationList = 270612402AF4961200F5CB77 /* Build configuration list for PBXNativeTarget "nimbleTestTests" */;
			buildPhases = (
				270612252AF4961200F5CB77 /* Sources */,
				270612262AF4961200F5CB77 /* Frameworks */,
				270612272AF4961200F5CB77 /* Resources */,
			);
			buildRules = (
			);
			dependencies = (
				2706122B2AF4961200F5CB77 /* PBXTargetDependency */,
			);
			name = nimbleTestTests;
			productName = nimbleTestTests;
			productReference = 270612292AF4961200F5CB77 /* nimbleTestTests.xctest */;
			productType = "com.apple.product-type.bundle.unit-test";
		};
		270612322AF4961200F5CB77 /* nimbleTestUITests */ = {
			isa = PBXNativeTarget;
			buildConfigurationList = 270612432AF4961200F5CB77 /* Build configuration list for PBXNativeTarget "nimbleTestUITests" */;
			buildPhases = (
				2706122F2AF4961200F5CB77 /* Sources */,
				270612302AF4961200F5CB77 /* Frameworks */,
				270612312AF4961200F5CB77 /* Resources */,
			);
			buildRules = (
			);
			dependencies = (
				270612352AF4961200F5CB77 /* PBXTargetDependency */,
			);
			name = nimbleTestUITests;
			productName = nimbleTestUITests;
			productReference = 270612332AF4961200F5CB77 /* nimbleTestUITests.xctest */;
			productType = "com.apple.product-type.bundle.ui-testing";
		};
/* End PBXNativeTarget section */

/* Begin PBXProject section */
		270612102AF4961100F5CB77 /* Project object */ = {
			isa = PBXProject;
			attributes = {
				BuildIndependentTargetsInParallel = 1;
				LastSwiftUpdateCheck = 1500;
				LastUpgradeCheck = 1500;
				TargetAttributes = {
					270612172AF4961100F5CB77 = {
						CreatedOnToolsVersion = 15.0;
					};
					270612282AF4961200F5CB77 = {
						CreatedOnToolsVersion = 15.0;
						TestTargetID = 270612172AF4961100F5CB77;
					};
					270612322AF4961200F5CB77 = {
						CreatedOnToolsVersion = 15.0;
						TestTargetID = 270612172AF4961100F5CB77;
					};
				};
			};
			buildConfigurationList = 270612132AF4961100F5CB77 /* Build configuration list for PBXProject "nimbleTest" */;
			compatibilityVersion = "Xcode 14.0";
			developmentRegion = en;
			hasScannedForEncodings = 0;
			knownRegions = (
				en,
				Base,
			);
			mainGroup = 2706120F2AF4961100F5CB77;
			productRefGroup = 270612192AF4961100F5CB77 /* Products */;
			projectDirPath = "";
			projectRoot = "";
			targets = (
				270612172AF4961100F5CB77 /* nimbleTest */,
				270612282AF4961200F5CB77 /* nimbleTestTests */,
				270612322AF4961200F5CB77 /* nimbleTestUITests */,
			);
		};
/* End PBXProject section */

/* Begin PBXResourcesBuildPhase section */
		270612162AF4961100F5CB77 /* Resources */ = {
			isa = PBXResourcesBuildPhase;
			buildActionMask = 2147483647;
			files = (
				27D33D7A2AF4AF2A00484D23 /* LaunchScreen.storyboard in Resources */,
				270612242AF4961200F5CB77 /* Preview Assets.xcassets in Resources */,
				27D33D842AF4B2AB00484D23 /* Localizable.xcstrings in Resources */,
				270612202AF4961200F5CB77 /* Assets.xcassets in Resources */,
			);
			runOnlyForDeploymentPostprocessing = 0;
		};
		270612272AF4961200F5CB77 /* Resources */ = {
			isa = PBXResourcesBuildPhase;
			buildActionMask = 2147483647;
			files = (
			);
			runOnlyForDeploymentPostprocessing = 0;
		};
		270612312AF4961200F5CB77 /* Resources */ = {
			isa = PBXResourcesBuildPhase;
			buildActionMask = 2147483647;
			files = (
			);
			runOnlyForDeploymentPostprocessing = 0;
		};
/* End PBXResourcesBuildPhase section */

/* Begin PBXSourcesBuildPhase section */
		270612142AF4961100F5CB77 /* Sources */ = {
			isa = PBXSourcesBuildPhase;
			buildActionMask = 2147483647;
			files = (
				270612532AF49EBD00F5CB77 /* RootView.swift in Sources */,
				27D33D9D2AF4C14500484D23 /* TokenModel.swift in Sources */,
				27D33DA42AF4C2B200484D23 /* RouterViewMode.swift in Sources */,
				27D33D9F2AF4C1BC00484D23 /* TokenError.swift in Sources */,
				27D33D782AF4AA7E00484D23 /* String.swift in Sources */,
				27D33D9A2AF4C11100484D23 /* TokenHandlingService.swift in Sources */,
				27D33D882AF4B57400484D23 /* ButtonView.swift in Sources */,
				274916902AF4A28F00DCF031 /* AuthRepository.swift in Sources */,
				27D33D912AF4BA9100484D23 /* PasswordLoginDto.swift in Sources */,
				274916872AF4A06C00DCF031 /* NetworkClient.swift in Sources */,
				27D33D862AF4B36000484D23 /* PasswordTextFieldView.swift in Sources */,
				27D33D8D2AF4B89300484D23 /* RepositoryConfiguration.swift in Sources */,
				2706124F2AF49C0000F5CB77 /* Environment.swift in Sources */,
				27D33D7D2AF4B04D00484D23 /* BackgroundView.swift in Sources */,
				27D33D932AF4BB9D00484D23 /* PasswordLoginResponseDto.swift in Sources */,
				2749168C2AF4A0E000DCF031 /* RequestMethod.swift in Sources */,
				2706121C2AF4961100F5CB77 /* nimbleTestApp.swift in Sources */,
				27D33D962AF4BCF900484D23 /* LoginViewModel.swift in Sources */,
				27D33D752AF4A97700484D23 /* RoundModifier.swift in Sources */,
				2749168A2AF4A0C000DCF031 /* ApiError.swift in Sources */,
				274916932AF4A51200DCF031 /* TextFieldView.swift in Sources */,
				27D33D982AF4C0F800484D23 /* KeyChainService.swift in Sources */,
				27D33DA12AF4C26700484D23 /* RouterViewModel.swift in Sources */,
				27D33D812AF4B07C00484D23 /* LogInView.swift in Sources */,
				27D33D8A2AF4B82F00484D23 /* AuthImplementation.swift in Sources */,
			);
			runOnlyForDeploymentPostprocessing = 0;
		};
		270612252AF4961200F5CB77 /* Sources */ = {
			isa = PBXSourcesBuildPhase;
			buildActionMask = 2147483647;
			files = (
				2706122E2AF4961200F5CB77 /* nimbleTestTests.swift in Sources */,
			);
			runOnlyForDeploymentPostprocessing = 0;
		};
		2706122F2AF4961200F5CB77 /* Sources */ = {
			isa = PBXSourcesBuildPhase;
			buildActionMask = 2147483647;
			files = (
				270612382AF4961200F5CB77 /* nimbleTestUITests.swift in Sources */,
				2706123A2AF4961200F5CB77 /* nimbleTestUITestsLaunchTests.swift in Sources */,
			);
			runOnlyForDeploymentPostprocessing = 0;
		};
/* End PBXSourcesBuildPhase section */

/* Begin PBXTargetDependency section */
		2706122B2AF4961200F5CB77 /* PBXTargetDependency */ = {
			isa = PBXTargetDependency;
			target = 270612172AF4961100F5CB77 /* nimbleTest */;
			targetProxy = 2706122A2AF4961200F5CB77 /* PBXContainerItemProxy */;
		};
		270612352AF4961200F5CB77 /* PBXTargetDependency */ = {
			isa = PBXTargetDependency;
			target = 270612172AF4961100F5CB77 /* nimbleTest */;
			targetProxy = 270612342AF4961200F5CB77 /* PBXContainerItemProxy */;
		};
/* End PBXTargetDependency section */

/* Begin XCBuildConfiguration section */
		2706123B2AF4961200F5CB77 /* Debug */ = {
			isa = XCBuildConfiguration;
			baseConfigurationReference = 2706124D2AF49BF400F5CB77 /* Environemnt.xcconfig */;
			buildSettings = {
				ALWAYS_SEARCH_USER_PATHS = NO;
				ASSETCATALOG_COMPILER_GENERATE_SWIFT_ASSET_SYMBOL_EXTENSIONS = YES;
				CLANG_ANALYZER_NONNULL = YES;
				CLANG_ANALYZER_NUMBER_OBJECT_CONVERSION = YES_AGGRESSIVE;
				CLANG_CXX_LANGUAGE_STANDARD = "gnu++20";
				CLANG_ENABLE_MODULES = YES;
				CLANG_ENABLE_OBJC_ARC = YES;
				CLANG_ENABLE_OBJC_WEAK = YES;
				CLANG_WARN_BLOCK_CAPTURE_AUTORELEASING = YES;
				CLANG_WARN_BOOL_CONVERSION = YES;
				CLANG_WARN_COMMA = YES;
				CLANG_WARN_CONSTANT_CONVERSION = YES;
				CLANG_WARN_DEPRECATED_OBJC_IMPLEMENTATIONS = YES;
				CLANG_WARN_DIRECT_OBJC_ISA_USAGE = YES_ERROR;
				CLANG_WARN_DOCUMENTATION_COMMENTS = YES;
				CLANG_WARN_EMPTY_BODY = YES;
				CLANG_WARN_ENUM_CONVERSION = YES;
				CLANG_WARN_INFINITE_RECURSION = YES;
				CLANG_WARN_INT_CONVERSION = YES;
				CLANG_WARN_NON_LITERAL_NULL_CONVERSION = YES;
				CLANG_WARN_OBJC_IMPLICIT_RETAIN_SELF = YES;
				CLANG_WARN_OBJC_LITERAL_CONVERSION = YES;
				CLANG_WARN_OBJC_ROOT_CLASS = YES_ERROR;
				CLANG_WARN_QUOTED_INCLUDE_IN_FRAMEWORK_HEADER = YES;
				CLANG_WARN_RANGE_LOOP_ANALYSIS = YES;
				CLANG_WARN_STRICT_PROTOTYPES = YES;
				CLANG_WARN_SUSPICIOUS_MOVE = YES;
				CLANG_WARN_UNGUARDED_AVAILABILITY = YES_AGGRESSIVE;
				CLANG_WARN_UNREACHABLE_CODE = YES;
				CLANG_WARN__DUPLICATE_METHOD_MATCH = YES;
				COPY_PHASE_STRIP = NO;
				DEBUG_INFORMATION_FORMAT = dwarf;
				ENABLE_STRICT_OBJC_MSGSEND = YES;
				ENABLE_TESTABILITY = YES;
				ENABLE_USER_SCRIPT_SANDBOXING = YES;
				GCC_C_LANGUAGE_STANDARD = gnu17;
				GCC_DYNAMIC_NO_PIC = NO;
				GCC_NO_COMMON_BLOCKS = YES;
				GCC_OPTIMIZATION_LEVEL = 0;
				GCC_PREPROCESSOR_DEFINITIONS = (
					"DEBUG=1",
					"$(inherited)",
				);
				GCC_WARN_64_TO_32_BIT_CONVERSION = YES;
				GCC_WARN_ABOUT_RETURN_TYPE = YES_ERROR;
				GCC_WARN_UNDECLARED_SELECTOR = YES;
				GCC_WARN_UNINITIALIZED_AUTOS = YES_AGGRESSIVE;
				GCC_WARN_UNUSED_FUNCTION = YES;
				GCC_WARN_UNUSED_VARIABLE = YES;
				LOCALIZATION_PREFERS_STRING_CATALOGS = YES;
				MTL_ENABLE_DEBUG_INFO = INCLUDE_SOURCE;
				MTL_FAST_MATH = YES;
				ONLY_ACTIVE_ARCH = YES;
				SWIFT_ACTIVE_COMPILATION_CONDITIONS = "DEBUG $(inherited)";
				SWIFT_OPTIMIZATION_LEVEL = "-Onone";
			};
			name = Debug;
		};
		2706123C2AF4961200F5CB77 /* Release */ = {
			isa = XCBuildConfiguration;
			buildSettings = {
				ALWAYS_SEARCH_USER_PATHS = NO;
				ASSETCATALOG_COMPILER_GENERATE_SWIFT_ASSET_SYMBOL_EXTENSIONS = YES;
				CLANG_ANALYZER_NONNULL = YES;
				CLANG_ANALYZER_NUMBER_OBJECT_CONVERSION = YES_AGGRESSIVE;
				CLANG_CXX_LANGUAGE_STANDARD = "gnu++20";
				CLANG_ENABLE_MODULES = YES;
				CLANG_ENABLE_OBJC_ARC = YES;
				CLANG_ENABLE_OBJC_WEAK = YES;
				CLANG_WARN_BLOCK_CAPTURE_AUTORELEASING = YES;
				CLANG_WARN_BOOL_CONVERSION = YES;
				CLANG_WARN_COMMA = YES;
				CLANG_WARN_CONSTANT_CONVERSION = YES;
				CLANG_WARN_DEPRECATED_OBJC_IMPLEMENTATIONS = YES;
				CLANG_WARN_DIRECT_OBJC_ISA_USAGE = YES_ERROR;
				CLANG_WARN_DOCUMENTATION_COMMENTS = YES;
				CLANG_WARN_EMPTY_BODY = YES;
				CLANG_WARN_ENUM_CONVERSION = YES;
				CLANG_WARN_INFINITE_RECURSION = YES;
				CLANG_WARN_INT_CONVERSION = YES;
				CLANG_WARN_NON_LITERAL_NULL_CONVERSION = YES;
				CLANG_WARN_OBJC_IMPLICIT_RETAIN_SELF = YES;
				CLANG_WARN_OBJC_LITERAL_CONVERSION = YES;
				CLANG_WARN_OBJC_ROOT_CLASS = YES_ERROR;
				CLANG_WARN_QUOTED_INCLUDE_IN_FRAMEWORK_HEADER = YES;
				CLANG_WARN_RANGE_LOOP_ANALYSIS = YES;
				CLANG_WARN_STRICT_PROTOTYPES = YES;
				CLANG_WARN_SUSPICIOUS_MOVE = YES;
				CLANG_WARN_UNGUARDED_AVAILABILITY = YES_AGGRESSIVE;
				CLANG_WARN_UNREACHABLE_CODE = YES;
				CLANG_WARN__DUPLICATE_METHOD_MATCH = YES;
				COPY_PHASE_STRIP = NO;
				DEBUG_INFORMATION_FORMAT = "dwarf-with-dsym";
				ENABLE_NS_ASSERTIONS = NO;
				ENABLE_STRICT_OBJC_MSGSEND = YES;
				ENABLE_USER_SCRIPT_SANDBOXING = YES;
				GCC_C_LANGUAGE_STANDARD = gnu17;
				GCC_NO_COMMON_BLOCKS = YES;
				GCC_WARN_64_TO_32_BIT_CONVERSION = YES;
				GCC_WARN_ABOUT_RETURN_TYPE = YES_ERROR;
				GCC_WARN_UNDECLARED_SELECTOR = YES;
				GCC_WARN_UNINITIALIZED_AUTOS = YES_AGGRESSIVE;
				GCC_WARN_UNUSED_FUNCTION = YES;
				GCC_WARN_UNUSED_VARIABLE = YES;
				LOCALIZATION_PREFERS_STRING_CATALOGS = YES;
				MTL_ENABLE_DEBUG_INFO = NO;
				MTL_FAST_MATH = YES;
				SWIFT_COMPILATION_MODE = wholemodule;
			};
			name = Release;
		};
		2706123E2AF4961200F5CB77 /* Debug */ = {
			isa = XCBuildConfiguration;
			buildSettings = {
				ASSETCATALOG_COMPILER_APPICON_NAME = AppIcon;
				ASSETCATALOG_COMPILER_GLOBAL_ACCENT_COLOR_NAME = AccentColor;
				CODE_SIGN_ENTITLEMENTS = nimbleTest/nimbleTest.entitlements;
				CODE_SIGN_STYLE = Automatic;
				CURRENT_PROJECT_VERSION = 1;
				DEVELOPMENT_ASSET_PATHS = "\"nimbleTest/Preview Content\"";
				DEVELOPMENT_TEAM = 68QGCX9DR9;
				ENABLE_HARDENED_RUNTIME = YES;
				ENABLE_PREVIEWS = YES;
				GENERATE_INFOPLIST_FILE = YES;
				INFOPLIST_FILE = nimbleTest/Info.plist;
				"INFOPLIST_KEY_UIApplicationSceneManifest_Generation[sdk=iphoneos*]" = YES;
				"INFOPLIST_KEY_UIApplicationSceneManifest_Generation[sdk=iphonesimulator*]" = YES;
				"INFOPLIST_KEY_UIApplicationSupportsIndirectInputEvents[sdk=iphoneos*]" = YES;
				"INFOPLIST_KEY_UIApplicationSupportsIndirectInputEvents[sdk=iphonesimulator*]" = YES;
				"INFOPLIST_KEY_UILaunchScreen_Generation[sdk=iphoneos*]" = YES;
				"INFOPLIST_KEY_UILaunchScreen_Generation[sdk=iphonesimulator*]" = YES;
				INFOPLIST_KEY_UILaunchStoryboardName = LaunchScreen.storyboard;
				"INFOPLIST_KEY_UIStatusBarStyle[sdk=iphoneos*]" = UIStatusBarStyleDefault;
				"INFOPLIST_KEY_UIStatusBarStyle[sdk=iphonesimulator*]" = UIStatusBarStyleDefault;
				INFOPLIST_KEY_UISupportedInterfaceOrientations_iPad = "UIInterfaceOrientationPortrait UIInterfaceOrientationPortraitUpsideDown UIInterfaceOrientationLandscapeLeft UIInterfaceOrientationLandscapeRight";
				INFOPLIST_KEY_UISupportedInterfaceOrientations_iPhone = "UIInterfaceOrientationPortrait UIInterfaceOrientationLandscapeLeft UIInterfaceOrientationLandscapeRight";
				IPHONEOS_DEPLOYMENT_TARGET = 17.0;
				LD_RUNPATH_SEARCH_PATHS = "@executable_path/Frameworks";
				"LD_RUNPATH_SEARCH_PATHS[sdk=macosx*]" = "@executable_path/../Frameworks";
				MACOSX_DEPLOYMENT_TARGET = 14.0;
				MARKETING_VERSION = 1.0;
				PRODUCT_BUNDLE_IDENTIFIER = guillermo.jimenez.nimble.nimbleTest;
				PRODUCT_NAME = "$(TARGET_NAME)";
				SDKROOT = auto;
				SUPPORTED_PLATFORMS = "iphoneos iphonesimulator macosx";
				SWIFT_EMIT_LOC_STRINGS = YES;
				SWIFT_VERSION = 5.0;
				TARGETED_DEVICE_FAMILY = "1,2";
			};
			name = Debug;
		};
		2706123F2AF4961200F5CB77 /* Release */ = {
			isa = XCBuildConfiguration;
			buildSettings = {
				ASSETCATALOG_COMPILER_APPICON_NAME = AppIcon;
				ASSETCATALOG_COMPILER_GLOBAL_ACCENT_COLOR_NAME = AccentColor;
				CODE_SIGN_ENTITLEMENTS = nimbleTest/nimbleTest.entitlements;
				CODE_SIGN_STYLE = Automatic;
				CURRENT_PROJECT_VERSION = 1;
				DEVELOPMENT_ASSET_PATHS = "\"nimbleTest/Preview Content\"";
				DEVELOPMENT_TEAM = 68QGCX9DR9;
				ENABLE_HARDENED_RUNTIME = YES;
				ENABLE_PREVIEWS = YES;
				GENERATE_INFOPLIST_FILE = YES;
				INFOPLIST_FILE = nimbleTest/Info.plist;
				"INFOPLIST_KEY_UIApplicationSceneManifest_Generation[sdk=iphoneos*]" = YES;
				"INFOPLIST_KEY_UIApplicationSceneManifest_Generation[sdk=iphonesimulator*]" = YES;
				"INFOPLIST_KEY_UIApplicationSupportsIndirectInputEvents[sdk=iphoneos*]" = YES;
				"INFOPLIST_KEY_UIApplicationSupportsIndirectInputEvents[sdk=iphonesimulator*]" = YES;
				"INFOPLIST_KEY_UILaunchScreen_Generation[sdk=iphoneos*]" = YES;
				"INFOPLIST_KEY_UILaunchScreen_Generation[sdk=iphonesimulator*]" = YES;
				INFOPLIST_KEY_UILaunchStoryboardName = LaunchScreen.storyboard;
				"INFOPLIST_KEY_UIStatusBarStyle[sdk=iphoneos*]" = UIStatusBarStyleDefault;
				"INFOPLIST_KEY_UIStatusBarStyle[sdk=iphonesimulator*]" = UIStatusBarStyleDefault;
				INFOPLIST_KEY_UISupportedInterfaceOrientations_iPad = "UIInterfaceOrientationPortrait UIInterfaceOrientationPortraitUpsideDown UIInterfaceOrientationLandscapeLeft UIInterfaceOrientationLandscapeRight";
				INFOPLIST_KEY_UISupportedInterfaceOrientations_iPhone = "UIInterfaceOrientationPortrait UIInterfaceOrientationLandscapeLeft UIInterfaceOrientationLandscapeRight";
				IPHONEOS_DEPLOYMENT_TARGET = 17.0;
				LD_RUNPATH_SEARCH_PATHS = "@executable_path/Frameworks";
				"LD_RUNPATH_SEARCH_PATHS[sdk=macosx*]" = "@executable_path/../Frameworks";
				MACOSX_DEPLOYMENT_TARGET = 14.0;
				MARKETING_VERSION = 1.0;
				PRODUCT_BUNDLE_IDENTIFIER = guillermo.jimenez.nimble.nimbleTest;
				PRODUCT_NAME = "$(TARGET_NAME)";
				SDKROOT = auto;
				SUPPORTED_PLATFORMS = "iphoneos iphonesimulator macosx";
				SWIFT_EMIT_LOC_STRINGS = YES;
				SWIFT_VERSION = 5.0;
				TARGETED_DEVICE_FAMILY = "1,2";
			};
			name = Release;
		};
		270612412AF4961200F5CB77 /* Debug */ = {
			isa = XCBuildConfiguration;
			buildSettings = {
				ALWAYS_EMBED_SWIFT_STANDARD_LIBRARIES = YES;
				BUNDLE_LOADER = "$(TEST_HOST)";
				CODE_SIGN_STYLE = Automatic;
				CURRENT_PROJECT_VERSION = 1;
				DEVELOPMENT_TEAM = 68QGCX9DR9;
				GENERATE_INFOPLIST_FILE = YES;
				IPHONEOS_DEPLOYMENT_TARGET = 17.0;
				MACOSX_DEPLOYMENT_TARGET = 14.0;
				MARKETING_VERSION = 1.0;
				PRODUCT_BUNDLE_IDENTIFIER = guillermo.jimenez.nimble.nimbleTestTests;
				PRODUCT_NAME = "$(TARGET_NAME)";
				SDKROOT = auto;
				SUPPORTED_PLATFORMS = "iphoneos iphonesimulator macosx";
				SWIFT_EMIT_LOC_STRINGS = NO;
				SWIFT_VERSION = 5.0;
				TARGETED_DEVICE_FAMILY = "1,2";
				TEST_HOST = "$(BUILT_PRODUCTS_DIR)/nimbleTest.app/$(BUNDLE_EXECUTABLE_FOLDER_PATH)/nimbleTest";
			};
			name = Debug;
		};
		270612422AF4961200F5CB77 /* Release */ = {
			isa = XCBuildConfiguration;
			buildSettings = {
				ALWAYS_EMBED_SWIFT_STANDARD_LIBRARIES = YES;
				BUNDLE_LOADER = "$(TEST_HOST)";
				CODE_SIGN_STYLE = Automatic;
				CURRENT_PROJECT_VERSION = 1;
				DEVELOPMENT_TEAM = 68QGCX9DR9;
				GENERATE_INFOPLIST_FILE = YES;
				IPHONEOS_DEPLOYMENT_TARGET = 17.0;
				MACOSX_DEPLOYMENT_TARGET = 14.0;
				MARKETING_VERSION = 1.0;
				PRODUCT_BUNDLE_IDENTIFIER = guillermo.jimenez.nimble.nimbleTestTests;
				PRODUCT_NAME = "$(TARGET_NAME)";
				SDKROOT = auto;
				SUPPORTED_PLATFORMS = "iphoneos iphonesimulator macosx";
				SWIFT_EMIT_LOC_STRINGS = NO;
				SWIFT_VERSION = 5.0;
				TARGETED_DEVICE_FAMILY = "1,2";
				TEST_HOST = "$(BUILT_PRODUCTS_DIR)/nimbleTest.app/$(BUNDLE_EXECUTABLE_FOLDER_PATH)/nimbleTest";
			};
			name = Release;
		};
		270612442AF4961200F5CB77 /* Debug */ = {
			isa = XCBuildConfiguration;
			buildSettings = {
				ALWAYS_EMBED_SWIFT_STANDARD_LIBRARIES = YES;
				CODE_SIGN_STYLE = Automatic;
				CURRENT_PROJECT_VERSION = 1;
				DEVELOPMENT_TEAM = 68QGCX9DR9;
				GENERATE_INFOPLIST_FILE = YES;
				IPHONEOS_DEPLOYMENT_TARGET = 17.0;
				MACOSX_DEPLOYMENT_TARGET = 14.0;
				MARKETING_VERSION = 1.0;
				PRODUCT_BUNDLE_IDENTIFIER = guillermo.jimenez.nimble.nimbleTestUITests;
				PRODUCT_NAME = "$(TARGET_NAME)";
				SDKROOT = auto;
				SUPPORTED_PLATFORMS = "iphoneos iphonesimulator macosx";
				SWIFT_EMIT_LOC_STRINGS = NO;
				SWIFT_VERSION = 5.0;
				TARGETED_DEVICE_FAMILY = "1,2";
				TEST_TARGET_NAME = nimbleTest;
			};
			name = Debug;
		};
		270612452AF4961200F5CB77 /* Release */ = {
			isa = XCBuildConfiguration;
			buildSettings = {
				ALWAYS_EMBED_SWIFT_STANDARD_LIBRARIES = YES;
				CODE_SIGN_STYLE = Automatic;
				CURRENT_PROJECT_VERSION = 1;
				DEVELOPMENT_TEAM = 68QGCX9DR9;
				GENERATE_INFOPLIST_FILE = YES;
				IPHONEOS_DEPLOYMENT_TARGET = 17.0;
				MACOSX_DEPLOYMENT_TARGET = 14.0;
				MARKETING_VERSION = 1.0;
				PRODUCT_BUNDLE_IDENTIFIER = guillermo.jimenez.nimble.nimbleTestUITests;
				PRODUCT_NAME = "$(TARGET_NAME)";
				SDKROOT = auto;
				SUPPORTED_PLATFORMS = "iphoneos iphonesimulator macosx";
				SWIFT_EMIT_LOC_STRINGS = NO;
				SWIFT_VERSION = 5.0;
				TARGETED_DEVICE_FAMILY = "1,2";
				TEST_TARGET_NAME = nimbleTest;
			};
			name = Release;
		};
/* End XCBuildConfiguration section */

/* Begin XCConfigurationList section */
		270612132AF4961100F5CB77 /* Build configuration list for PBXProject "nimbleTest" */ = {
			isa = XCConfigurationList;
			buildConfigurations = (
				2706123B2AF4961200F5CB77 /* Debug */,
				2706123C2AF4961200F5CB77 /* Release */,
			);
			defaultConfigurationIsVisible = 0;
			defaultConfigurationName = Release;
		};
		2706123D2AF4961200F5CB77 /* Build configuration list for PBXNativeTarget "nimbleTest" */ = {
			isa = XCConfigurationList;
			buildConfigurations = (
				2706123E2AF4961200F5CB77 /* Debug */,
				2706123F2AF4961200F5CB77 /* Release */,
			);
			defaultConfigurationIsVisible = 0;
			defaultConfigurationName = Release;
		};
		270612402AF4961200F5CB77 /* Build configuration list for PBXNativeTarget "nimbleTestTests" */ = {
			isa = XCConfigurationList;
			buildConfigurations = (
				270612412AF4961200F5CB77 /* Debug */,
				270612422AF4961200F5CB77 /* Release */,
			);
			defaultConfigurationIsVisible = 0;
			defaultConfigurationName = Release;
		};
		270612432AF4961200F5CB77 /* Build configuration list for PBXNativeTarget "nimbleTestUITests" */ = {
			isa = XCConfigurationList;
			buildConfigurations = (
				270612442AF4961200F5CB77 /* Debug */,
				270612452AF4961200F5CB77 /* Release */,
			);
			defaultConfigurationIsVisible = 0;
			defaultConfigurationName = Release;
		};
/* End XCConfigurationList section */
	};
	rootObject = 270612102AF4961100F5CB77 /* Project object */;
}
